// !$*UTF8*$!
{
	archiveVersion = 1;
	classes = {
	};
	objectVersion = 46;
	objects = {

/* Begin PBXBuildFile section */
		887137281547F15F00D5CA6D /* GLTDManager.m in Sources */ = {isa = PBXBuildFile; fileRef = 887137271547F15F00D5CA6D /* GLTDManager.m */; };
		8889F9E215260D4E00AB7024 /* Foundation.framework in Frameworks */ = {isa = PBXBuildFile; fileRef = 8889F9E115260D4E00AB7024 /* Foundation.framework */; };
		8889F9E515260D4E00AB7024 /* main.m in Sources */ = {isa = PBXBuildFile; fileRef = 8889F9E415260D4E00AB7024 /* main.m */; };
		8889F9E915260D4E00AB7024 /* GLTD.1 in CopyFiles */ = {isa = PBXBuildFile; fileRef = 8889F9E815260D4E00AB7024 /* GLTD.1 */; };
		88BB06B91548F16600B08799 /* CommandManager.m in Sources */ = {isa = PBXBuildFile; fileRef = 88BB06B81548F16600B08799 /* CommandManager.m */; };
		88BB06BD1548F29500B08799 /* CommandParser.m in Sources */ = {isa = PBXBuildFile; fileRef = 88BB06BC1548F29500B08799 /* CommandParser.m */; };
		88BB06C61549181A00B08799 /* Version.m in Sources */ = {isa = PBXBuildFile; fileRef = 88BB06C51549181A00B08799 /* Version.m */; };
		88BB06CA15491A2A00B08799 /* VERSIONCommand.m in Sources */ = {isa = PBXBuildFile; fileRef = 88BB06C915491A2A00B08799 /* VERSIONCommand.m */; };
		88BB06CD15491CB200B08799 /* EXITCommand.m in Sources */ = {isa = PBXBuildFile; fileRef = 88BB06CC15491CB200B08799 /* EXITCommand.m */; };
/* End PBXBuildFile section */

/* Begin PBXCopyFilesBuildPhase section */
		8889F9DB15260D4E00AB7024 /* CopyFiles */ = {
			isa = PBXCopyFilesBuildPhase;
			buildActionMask = 2147483647;
			dstPath = /usr/share/man/man1/;
			dstSubfolderSpec = 0;
			files = (
				8889F9E915260D4E00AB7024 /* GLTD.1 in CopyFiles */,
			);
			runOnlyForDeploymentPostprocessing = 1;
		};
/* End PBXCopyFilesBuildPhase section */

/* Begin PBXFileReference section */
		887137261547F15F00D5CA6D /* GLTDManager.h */ = {isa = PBXFileReference; fileEncoding = 4; lastKnownFileType = sourcecode.c.h; path = GLTDManager.h; sourceTree = "<group>"; };
		887137271547F15F00D5CA6D /* GLTDManager.m */ = {isa = PBXFileReference; fileEncoding = 4; lastKnownFileType = sourcecode.c.objc; path = GLTDManager.m; sourceTree = "<group>"; };
		8889F9DD15260D4E00AB7024 /* GLTD */ = {isa = PBXFileReference; explicitFileType = "compiled.mach-o.executable"; includeInIndex = 0; path = GLTD; sourceTree = BUILT_PRODUCTS_DIR; };
		8889F9E115260D4E00AB7024 /* Foundation.framework */ = {isa = PBXFileReference; lastKnownFileType = wrapper.framework; name = Foundation.framework; path = System/Library/Frameworks/Foundation.framework; sourceTree = SDKROOT; };
		8889F9E415260D4E00AB7024 /* main.m */ = {isa = PBXFileReference; lastKnownFileType = sourcecode.c.objc; path = main.m; sourceTree = "<group>"; };
		8889F9E715260D4E00AB7024 /* GLTD-Prefix.pch */ = {isa = PBXFileReference; lastKnownFileType = sourcecode.c.h; path = "GLTD-Prefix.pch"; sourceTree = "<group>"; };
		8889F9E815260D4E00AB7024 /* GLTD.1 */ = {isa = PBXFileReference; lastKnownFileType = text.man; path = GLTD.1; sourceTree = "<group>"; };
		88BB06B71548F16600B08799 /* CommandManager.h */ = {isa = PBXFileReference; fileEncoding = 4; lastKnownFileType = sourcecode.c.h; path = CommandManager.h; sourceTree = "<group>"; };
		88BB06B81548F16600B08799 /* CommandManager.m */ = {isa = PBXFileReference; fileEncoding = 4; lastKnownFileType = sourcecode.c.objc; path = CommandManager.m; sourceTree = "<group>"; };
		88BB06BB1548F29500B08799 /* CommandParser.h */ = {isa = PBXFileReference; fileEncoding = 4; lastKnownFileType = sourcecode.c.h; path = CommandParser.h; sourceTree = "<group>"; };
		88BB06BC1548F29500B08799 /* CommandParser.m */ = {isa = PBXFileReference; fileEncoding = 4; lastKnownFileType = sourcecode.c.objc; path = CommandParser.m; sourceTree = "<group>"; };
		88BB06BF1548FDE200B08799 /* CommandDelegate.h */ = {isa = PBXFileReference; fileEncoding = 4; lastKnownFileType = sourcecode.c.h; path = CommandDelegate.h; sourceTree = "<group>"; };
		88BB06C41549181A00B08799 /* Version.h */ = {isa = PBXFileReference; fileEncoding = 4; lastKnownFileType = sourcecode.c.h; path = Version.h; sourceTree = "<group>"; };
		88BB06C51549181A00B08799 /* Version.m */ = {isa = PBXFileReference; fileEncoding = 4; lastKnownFileType = sourcecode.c.objc; path = Version.m; sourceTree = "<group>"; };
		88BB06C815491A2A00B08799 /* VERSIONCommand.h */ = {isa = PBXFileReference; fileEncoding = 4; lastKnownFileType = sourcecode.c.h; path = VERSIONCommand.h; sourceTree = "<group>"; };
		88BB06C915491A2A00B08799 /* VERSIONCommand.m */ = {isa = PBXFileReference; fileEncoding = 4; lastKnownFileType = sourcecode.c.objc; path = VERSIONCommand.m; sourceTree = "<group>"; };
		88BB06CB15491CB200B08799 /* EXITCommand.h */ = {isa = PBXFileReference; fileEncoding = 4; lastKnownFileType = sourcecode.c.h; path = EXITCommand.h; sourceTree = "<group>"; };
		88BB06CC15491CB200B08799 /* EXITCommand.m */ = {isa = PBXFileReference; fileEncoding = 4; lastKnownFileType = sourcecode.c.objc; path = EXITCommand.m; sourceTree = "<group>"; };
/* End PBXFileReference section */

/* Begin PBXFrameworksBuildPhase section */
		8889F9DA15260D4E00AB7024 /* Frameworks */ = {
			isa = PBXFrameworksBuildPhase;
			buildActionMask = 2147483647;
			files = (
				8889F9E215260D4E00AB7024 /* Foundation.framework in Frameworks */,
			);
			runOnlyForDeploymentPostprocessing = 0;
		};
/* End PBXFrameworksBuildPhase section */

/* Begin PBXGroup section */
		8889F9D215260D4E00AB7024 = {
			isa = PBXGroup;
			children = (
				8889F9E315260D4E00AB7024 /* GLTD */,
				8889F9E015260D4E00AB7024 /* Frameworks */,
				8889F9DE15260D4E00AB7024 /* Products */,
			);
			sourceTree = "<group>";
		};
		8889F9DE15260D4E00AB7024 /* Products */ = {
			isa = PBXGroup;
			children = (
				8889F9DD15260D4E00AB7024 /* GLTD */,
			);
			name = Products;
			sourceTree = "<group>";
		};
		8889F9E015260D4E00AB7024 /* Frameworks */ = {
			isa = PBXGroup;
			children = (
				8889F9E115260D4E00AB7024 /* Foundation.framework */,
			);
			name = Frameworks;
			sourceTree = "<group>";
		};
		8889F9E315260D4E00AB7024 /* GLTD */ = {
			isa = PBXGroup;
			children = (
				8889F9E415260D4E00AB7024 /* main.m */,
				887137261547F15F00D5CA6D /* GLTDManager.h */,
				887137271547F15F00D5CA6D /* GLTDManager.m */,
				88BB06B71548F16600B08799 /* CommandManager.h */,
				88BB06B81548F16600B08799 /* CommandManager.m */,
				88BB06BB1548F29500B08799 /* CommandParser.h */,
				88BB06BC1548F29500B08799 /* CommandParser.m */,
				88BB06BF1548FDE200B08799 /* CommandDelegate.h */,
				88BB06C41549181A00B08799 /* Version.h */,
				88BB06C51549181A00B08799 /* Version.m */,
				8889F9E815260D4E00AB7024 /* GLTD.1 */,
				88BB06C7154919F100B08799 /* command */,
				8889F9E615260D4E00AB7024 /* Supporting Files */,
			);
			path = GLTD;
			sourceTree = "<group>";
		};
		8889F9E615260D4E00AB7024 /* Supporting Files */ = {
			isa = PBXGroup;
			children = (
				8889F9E715260D4E00AB7024 /* GLTD-Prefix.pch */,
			);
			name = "Supporting Files";
			sourceTree = "<group>";
		};
		88BB06C7154919F100B08799 /* command */ = {
			isa = PBXGroup;
			children = (
				88BB06C815491A2A00B08799 /* VERSIONCommand.h */,
				88BB06C915491A2A00B08799 /* VERSIONCommand.m */,
				88BB06CB15491CB200B08799 /* EXITCommand.h */,
				88BB06CC15491CB200B08799 /* EXITCommand.m */,
			);
			name = command;
			sourceTree = "<group>";
		};
/* End PBXGroup section */

/* Begin PBXNativeTarget section */
		8889F9DC15260D4E00AB7024 /* GLTD */ = {
			isa = PBXNativeTarget;
			buildConfigurationList = 8889F9EC15260D4E00AB7024 /* Build configuration list for PBXNativeTarget "GLTD" */;
			buildPhases = (
				8889F9D915260D4E00AB7024 /* Sources */,
				8889F9DA15260D4E00AB7024 /* Frameworks */,
				8889F9DB15260D4E00AB7024 /* CopyFiles */,
			);
			buildRules = (
			);
			dependencies = (
			);
			name = GLTD;
			productName = GLTD;
			productReference = 8889F9DD15260D4E00AB7024 /* GLTD */;
			productType = "com.apple.product-type.tool";
		};
/* End PBXNativeTarget section */

/* Begin PBXProject section */
		8889F9D415260D4E00AB7024 /* Project object */ = {
			isa = PBXProject;
			attributes = {
				LastUpgradeCheck = 0430;
			};
			buildConfigurationList = 8889F9D715260D4E00AB7024 /* Build configuration list for PBXProject "GLTD" */;
			compatibilityVersion = "Xcode 3.2";
			developmentRegion = English;
			hasScannedForEncodings = 0;
			knownRegions = (
				en,
			);
			mainGroup = 8889F9D215260D4E00AB7024;
			productRefGroup = 8889F9DE15260D4E00AB7024 /* Products */;
			projectDirPath = "";
			projectRoot = "";
			targets = (
				8889F9DC15260D4E00AB7024 /* GLTD */,
			);
		};
/* End PBXProject section */

/* Begin PBXSourcesBuildPhase section */
		8889F9D915260D4E00AB7024 /* Sources */ = {
			isa = PBXSourcesBuildPhase;
			buildActionMask = 2147483647;
			files = (
				8889F9E515260D4E00AB7024 /* main.m in Sources */,
				887137281547F15F00D5CA6D /* GLTDManager.m in Sources */,
				88BB06B91548F16600B08799 /* CommandManager.m in Sources */,
				88BB06BD1548F29500B08799 /* CommandParser.m in Sources */,
				88BB06C61549181A00B08799 /* Version.m in Sources */,
				88BB06CA15491A2A00B08799 /* VERSIONCommand.m in Sources */,
				88BB06CD15491CB200B08799 /* EXITCommand.m in Sources */,
			);
			runOnlyForDeploymentPostprocessing = 0;
		};
/* End PBXSourcesBuildPhase section */

/* Begin XCBuildConfiguration section */
		8889F9EA15260D4E00AB7024 /* Debug */ = {
			isa = XCBuildConfiguration;
			buildSettings = {
				ALWAYS_SEARCH_USER_PATHS = NO;
				ARCHS = "$(ARCHS_STANDARD_64_BIT)";
				COPY_PHASE_STRIP = NO;
				GCC_C_LANGUAGE_STANDARD = gnu99;
				GCC_DYNAMIC_NO_PIC = NO;
				GCC_ENABLE_OBJC_EXCEPTIONS = YES;
				GCC_OPTIMIZATION_LEVEL = 0;
				GCC_PREPROCESSOR_DEFINITIONS = (
					"DEBUG=1",
					"$(inherited)",
				);
				GCC_SYMBOLS_PRIVATE_EXTERN = NO;
				GCC_VERSION = com.apple.compilers.llvm.clang.1_0;
				GCC_WARN_64_TO_32_BIT_CONVERSION = YES;
				GCC_WARN_ABOUT_RETURN_TYPE = YES;
				GCC_WARN_UNINITIALIZED_AUTOS = YES;
				GCC_WARN_UNUSED_VARIABLE = YES;
				MACOSX_DEPLOYMENT_TARGET = 10.7;
				ONLY_ACTIVE_ARCH = YES;
				SDKROOT = macosx;
			};
			name = Debug;
		};
		8889F9EB15260D4E00AB7024 /* Release */ = {
			isa = XCBuildConfiguration;
			buildSettings = {
				ALWAYS_SEARCH_USER_PATHS = NO;
				ARCHS = "$(ARCHS_STANDARD_64_BIT)";
				COPY_PHASE_STRIP = YES;
				DEBUG_INFORMATION_FORMAT = "dwarf-with-dsym";
				GCC_C_LANGUAGE_STANDARD = gnu99;
				GCC_ENABLE_OBJC_EXCEPTIONS = YES;
				GCC_VERSION = com.apple.compilers.llvm.clang.1_0;
				GCC_WARN_64_TO_32_BIT_CONVERSION = YES;
				GCC_WARN_ABOUT_RETURN_TYPE = YES;
				GCC_WARN_UNINITIALIZED_AUTOS = YES;
				GCC_WARN_UNUSED_VARIABLE = YES;
				MACOSX_DEPLOYMENT_TARGET = 10.7;
				SDKROOT = macosx;
			};
			name = Release;
		};
		8889F9ED15260D4E00AB7024 /* Debug */ = {
			isa = XCBuildConfiguration;
			buildSettings = {
				GCC_PRECOMPILE_PREFIX_HEADER = YES;
				GCC_PREFIX_HEADER = "GLTD/GLTD-Prefix.pch";
				PRODUCT_NAME = "$(TARGET_NAME)";
			};
			name = Debug;
		};
		8889F9EE15260D4E00AB7024 /* Release */ = {
			isa = XCBuildConfiguration;
			buildSettings = {
				GCC_PRECOMPILE_PREFIX_HEADER = YES;
				GCC_PREFIX_HEADER = "GLTD/GLTD-Prefix.pch";
				PRODUCT_NAME = "$(TARGET_NAME)";
			};
			name = Release;
		};
/* End XCBuildConfiguration section */

/* Begin XCConfigurationList section */
		8889F9D715260D4E00AB7024 /* Build configuration list for PBXProject "GLTD" */ = {
			isa = XCConfigurationList;
			buildConfigurations = (
				8889F9EA15260D4E00AB7024 /* Debug */,
				8889F9EB15260D4E00AB7024 /* Release */,
			);
			defaultConfigurationIsVisible = 0;
			defaultConfigurationName = Release;
		};
		8889F9EC15260D4E00AB7024 /* Build configuration list for PBXNativeTarget "GLTD" */ = {
			isa = XCConfigurationList;
			buildConfigurations = (
				8889F9ED15260D4E00AB7024 /* Debug */,
				8889F9EE15260D4E00AB7024 /* Release */,
			);
			defaultConfigurationIsVisible = 0;
			defaultConfigurationName = Release;
		};
/* End XCConfigurationList section */
	};
	rootObject = 8889F9D415260D4E00AB7024 /* Project object */;
}
